
Microsoft Visual Studio Solution File, Format Version 12.00
# Visual Studio 15
VisualStudioVersion = 15.0.27130.2036
MinimumVisualStudioVersion = 10.0.40219.1
Project("{FAE04EC0-301F-11D3-BF4B-00C04F79EFBC}") = "STAF", "STAF\STAF.csproj", "{21125A8B-B77F-4BC9-89C6-97A5712FB7E6}"
EndProject
Global
	GlobalSection(SolutionConfigurationPlatforms) = preSolution
		Debug|Any CPU = Debug|Any CPU
		Release|Any CPU = Release|Any CPU
	EndGlobalSection
	GlobalSection(ProjectConfigurationPlatforms) = postSolution
		{21125A8B-B77F-4BC9-89C6-97A5712FB7E6}.Debug|Any CPU.ActiveCfg = Debug|Any CPU
		{21125A8B-B77F-4BC9-89C6-97A5712FB7E6}.Debug|Any CPU.Build.0 = Debug|Any CPU
		{21125A8B-B77F-4BC9-89C6-97A5712FB7E6}.Release|Any CPU.ActiveCfg = Release|Any CPU
		{21125A8B-B77F-4BC9-89C6-97A5712FB7E6}.Release|Any CPU.Build.0 = Release|Any CPU
	EndGlobalSection
	GlobalSection(SolutionProperties) = preSolution
		HideSolutionNode = FALSE
	EndGlobalSection
	GlobalSection(ExtensibilityGlobals) = postSolution
		SolutionGuid = {07AE4A75-CCC6-485C-9CD1-92AE7C900C47}
	EndGlobalSection
EndGlobal
