
Microsoft Visual Studio Solution File, Format Version 12.00
# Visual Studio 15
VisualStudioVersion = 15.0.27130.2036
MinimumVisualStudioVersion = 10.0.40219.1
Project("{FAE04EC0-301F-11D3-BF4B-00C04F79EFBC}") = "TestLibrary", "TestLibrary\TestLibrary.csproj", "{DBFA8156-167B-4B18-98C4-74999BC74BB1}"
EndProject
Global
	GlobalSection(SolutionConfigurationPlatforms) = preSolution
		Debug|Any CPU = Debug|Any CPU
		Release|Any CPU = Release|Any CPU
	EndGlobalSection
	GlobalSection(ProjectConfigurationPlatforms) = postSolution
		{DBFA8156-167B-4B18-98C4-74999BC74BB1}.Debug|Any CPU.ActiveCfg = Debug|Any CPU
		{DBFA8156-167B-4B18-98C4-74999BC74BB1}.Debug|Any CPU.Build.0 = Debug|Any CPU
		{DBFA8156-167B-4B18-98C4-74999BC74BB1}.Release|Any CPU.ActiveCfg = Release|Any CPU
		{DBFA8156-167B-4B18-98C4-74999BC74BB1}.Release|Any CPU.Build.0 = Release|Any CPU
	EndGlobalSection
	GlobalSection(SolutionProperties) = preSolution
		HideSolutionNode = FALSE
	EndGlobalSection
	GlobalSection(ExtensibilityGlobals) = postSolution
		SolutionGuid = {A4EBD35F-8DC7-480C-BE1B-662D3256F65D}
	EndGlobalSection
EndGlobal
